
Microsoft Visual Studio Solution File, Format Version 12.00
# Visual Studio Version 16
VisualStudioVersion = 16.0.28803.156
MinimumVisualStudioVersion = 10.0.40219.1
Project("{FAE04EC0-301F-11D3-BF4B-00C04F79EFBC}") = "HMS", "HMS\HMS.csproj", "{8AFF0662-1E03-4141-86C2-B13F2253E34E}"
EndProject
Project("{FAE04EC0-301F-11D3-BF4B-00C04F79EFBC}") = "HMS.Entities", "HMS.Entities\HMS.Entities.csproj", "{3539B80C-84E2-4050-9E69-EA1E5A9FFBFB}"
EndProject
Project("{FAE04EC0-301F-11D3-BF4B-00C04F79EFBC}") = "HMS.Data", "HMS.Data\HMS.Data.csproj", "{C09E2CE0-90AA-4139-B257-B3DF596ED850}"
EndProject
Global
	GlobalSection(SolutionConfigurationPlatforms) = preSolution
		Debug|Any CPU = Debug|Any CPU
		Release|Any CPU = Release|Any CPU
	EndGlobalSection
	GlobalSection(ProjectConfigurationPlatforms) = postSolution
		{8AFF0662-1E03-4141-86C2-B13F2253E34E}.Debug|Any CPU.ActiveCfg = Debug|Any CPU
		{8AFF0662-1E03-4141-86C2-B13F2253E34E}.Debug|Any CPU.Build.0 = Debug|Any CPU
		{8AFF0662-1E03-4141-86C2-B13F2253E34E}.Release|Any CPU.ActiveCfg = Release|Any CPU
		{8AFF0662-1E03-4141-86C2-B13F2253E34E}.Release|Any CPU.Build.0 = Release|Any CPU
		{3539B80C-84E2-4050-9E69-EA1E5A9FFBFB}.Debug|Any CPU.ActiveCfg = Debug|Any CPU
		{3539B80C-84E2-4050-9E69-EA1E5A9FFBFB}.Debug|Any CPU.Build.0 = Debug|Any CPU
		{3539B80C-84E2-4050-9E69-EA1E5A9FFBFB}.Release|Any CPU.ActiveCfg = Release|Any CPU
		{3539B80C-84E2-4050-9E69-EA1E5A9FFBFB}.Release|Any CPU.Build.0 = Release|Any CPU
		{C09E2CE0-90AA-4139-B257-B3DF596ED850}.Debug|Any CPU.ActiveCfg = Debug|Any CPU
		{C09E2CE0-90AA-4139-B257-B3DF596ED850}.Debug|Any CPU.Build.0 = Debug|Any CPU
		{C09E2CE0-90AA-4139-B257-B3DF596ED850}.Release|Any CPU.ActiveCfg = Release|Any CPU
		{C09E2CE0-90AA-4139-B257-B3DF596ED850}.Release|Any CPU.Build.0 = Release|Any CPU
	EndGlobalSection
	GlobalSection(SolutionProperties) = preSolution
		HideSolutionNode = FALSE
	EndGlobalSection
	GlobalSection(ExtensibilityGlobals) = postSolution
		SolutionGuid = {ADBDBE38-5BC5-488C-8977-5B559B78F9E7}
	EndGlobalSection
EndGlobal
